lockfileVersion: '9.0'

settings:
  autoInstallPeers: true
  excludeLinksFromLockfile: false

importers:

  .:
    dependencies:
      '@archsync/core':
        specifier: file:vendor/archsync-core-0.1.0-2affbbb.tgz
        version: file:vendor/archsync-core-0.1.0-2affbbb.tgz
      '@archsync/guardian':
        specifier: file:vendor/archsync-guardian-0.3.1-8779bf7.tgz
        version: file:vendor/archsync-guardian-0.3.1-8779bf7.tgz(@archsync/core@file:vendor/archsync-core-0.1.0-2affbbb.tgz)

packages:

  '@archsync/core@file:vendor/archsync-core-0.1.0-2affbbb.tgz':
    resolution: {integrity: sha512-haIminTHW+CDy/zF5HNR2KinVXJLXyFIzQPXP4SyWeZl48GW72CtUP8cVBdB/K8ONrDmFsOxson28gDqLaf2EQ==, tarball: file:vendor/archsync-core-0.1.0-2affbbb.tgz}
    version: 0.1.0
    engines: {node: '>=22'}
    hasBin: true

  '@archsync/guardian@file:vendor/archsync-guardian-0.3.1-8779bf7.tgz':
    resolution: {integrity: sha512-q5ziaCAi6CbkefeAQ10wOgdBxmztOxJXnpdtwDGSXwlj5fHHB7flCdzapJioqL0PJYu4IozuwKS6wwm+dt+UPA==, tarball: file:vendor/archsync-guardian-0.3.1-8779bf7.tgz}
    version: 0.3.1
    engines: {node: '>=22'}
    hasBin: true
    peerDependencies:
      '@archsync/core': ^0.1.0

  ajv@8.20.0:
    resolution: {integrity: sha512-Thbli+OlOj+iMPYFBVBfJ3OmCAnaSyNn4M1vz9T6Gka5Jt9ba/HIR56joy65tY6kx/FCF5VXNB819Y7/GUrBGA==}

  fast-deep-equal@3.1.3:
    resolution: {integrity: sha512-f3qQ9oQy9j2AhBe/H9VC91wLmKBCCU/gDOnKNAYG5hswO7BLKj09Hc5HYNz9cGI++xlpDCIgDaitVs03ATR84Q==}

  fast-uri@3.1.5:
    resolution: {integrity: sha512-gHwA1O9LDIcKunMKhObS/HimwtehO1nPUECKAu5TpKgaO19fcWEl4bliWe1jWxVFvIXztJjjQ4L8XQ1EU9f7Jw==}

  json-schema-traverse@1.0.0:
    resolution: {integrity: sha512-NM8/P9n3XjXhIZn1lLhkFaACTOURQXjWhV4BA/RnOv8xvgqtqpAX9IO4mRQxSx1Rlo4tqzeqb0sOlruaOy3dug==}

  require-from-string@2.0.2:
    resolution: {integrity: sha512-Xf0nWe6RseziFMu+Ap9biiUbmplq6S9/p+7w7YXP/JBHhrUDDUhwa+vANyubuqfZWTveU//DYVGsDG7RKL/vEw==}
    engines: {node: '>=0.10.0'}

  typescript@5.9.3:
    resolution: {integrity: sha512-jl1vZzPDinLr9eUt3J/t7V6FgNEw9QjvBPdysz9KfQDD41fQrC2Y4vKQdiaUpFT4bXlb1RHhLpp8wtm6M5TgSw==}
    engines: {node: '>=14.17'}
    hasBin: true

  yaml@2.9.0:
    resolution: {integrity: sha512-2AvhNX3mb8zd6Zy7INTtSpl1F15HW6Wnqj0srWlkKLcpYl/gMIMJiyuGq2KeI2YFxUPjdlB+3Lc10seMLtL4cA==}
    engines: {node: '>= 14.6'}
    hasBin: true

snapshots:

  '@archsync/core@file:vendor/archsync-core-0.1.0-2affbbb.tgz':
    dependencies:
      ajv: 8.20.0
      yaml: 2.9.0

  '@archsync/guardian@file:vendor/archsync-guardian-0.3.1-8779bf7.tgz(@archsync/core@file:vendor/archsync-core-0.1.0-2affbbb.tgz)':
    dependencies:
      '@archsync/core': file:vendor/archsync-core-0.1.0-2affbbb.tgz
      typescript: 5.9.3

  ajv@8.20.0:
    dependencies:
      fast-deep-equal: 3.1.3
      fast-uri: 3.1.5
      json-schema-traverse: 1.0.0
      require-from-string: 2.0.2

  fast-deep-equal@3.1.3: {}

  fast-uri@3.1.5: {}

  json-schema-traverse@1.0.0: {}

  require-from-string@2.0.2: {}

  typescript@5.9.3: {}

  yaml@2.9.0: {}
